
Microsoft Visual Studio Solution File, Format Version 12.00
# Visual Studio Version 16
VisualStudioVersion = 16.0.28803.452
MinimumVisualStudioVersion = 10.0.40219.1
Project("{9A19103F-16F7-4668-BE54-9A1E7A4F7556}") = "PubSub.Messages", "PubSub.Messages\PubSub.Messages.csproj", "{6242E7A9-8D62-4640-800B-2717BFD8F7F9}"
EndProject
Project("{9A19103F-16F7-4668-BE54-9A1E7A4F7556}") = "PubSub.Publisher", "PubSub.Publisher\PubSub.Publisher.csproj", "{C179FEE9-9936-43E3-9403-14001F2B08C7}"
EndProject
Project("{9A19103F-16F7-4668-BE54-9A1E7A4F7556}") = "PubSub.Subscriber", "PubSub.Subscriber\PubSub.Subscriber.csproj", "{17117EFC-0092-4A1C-9D08-71200A55D1A0}"
EndProject
Global
	GlobalSection(SolutionConfigurationPlatforms) = preSolution
		Debug|Any CPU = Debug|Any CPU
		Release|Any CPU = Release|Any CPU
	EndGlobalSection
	GlobalSection(ProjectConfigurationPlatforms) = postSolution
		{6242E7A9-8D62-4640-800B-2717BFD8F7F9}.Debug|Any CPU.ActiveCfg = Debug|Any CPU
		{6242E7A9-8D62-4640-800B-2717BFD8F7F9}.Debug|Any CPU.Build.0 = Debug|Any CPU
		{6242E7A9-8D62-4640-800B-2717BFD8F7F9}.Release|Any CPU.ActiveCfg = Release|Any CPU
		{6242E7A9-8D62-4640-800B-2717BFD8F7F9}.Release|Any CPU.Build.0 = Release|Any CPU
		{C179FEE9-9936-43E3-9403-14001F2B08C7}.Debug|Any CPU.ActiveCfg = Debug|Any CPU
		{C179FEE9-9936-43E3-9403-14001F2B08C7}.Debug|Any CPU.Build.0 = Debug|Any CPU
		{C179FEE9-9936-43E3-9403-14001F2B08C7}.Release|Any CPU.ActiveCfg = Release|Any CPU
		{C179FEE9-9936-43E3-9403-14001F2B08C7}.Release|Any CPU.Build.0 = Release|Any CPU
		{17117EFC-0092-4A1C-9D08-71200A55D1A0}.Debug|Any CPU.ActiveCfg = Debug|Any CPU
		{17117EFC-0092-4A1C-9D08-71200A55D1A0}.Debug|Any CPU.Build.0 = Debug|Any CPU
		{17117EFC-0092-4A1C-9D08-71200A55D1A0}.Release|Any CPU.ActiveCfg = Release|Any CPU
		{17117EFC-0092-4A1C-9D08-71200A55D1A0}.Release|Any CPU.Build.0 = Release|Any CPU
	EndGlobalSection
	GlobalSection(SolutionProperties) = preSolution
		HideSolutionNode = FALSE
	EndGlobalSection
	GlobalSection(ExtensibilityGlobals) = postSolution
		SolutionGuid = {1958D5BC-A3E5-4AC5-8E1D-EB49E82A617D}
	EndGlobalSection
EndGlobal
